{
  "name": "test-github-actions",
  "lockfileVersion": 3,
  "requires": true,
  "packages": {
    "": {
      "name": "test-github-actions",
      "dependencies": {
        "dexie": "3.2.4",
        "dexie-export-import": "4.0.7",
        "downloadjs": "1.4.7"
      },
      "devDependencies": {
        "uglify-js": "3.17.4"
      }
    },
    "node_modules/dexie": {
      "version": "3.2.4",
      "resolved": "https://registry.npmjs.org/dexie/-/dexie-3.2.4.tgz",
      "integrity": "sha512-VKoTQRSv7+RnffpOJ3Dh6ozknBqzWw/F3iqMdsZg958R0AS8AnY9x9d1lbwENr0gzeGJHXKcGhAMRaqys6SxqA==",
      "engines": {
        "node": ">=6.0"
      }
    },
    "node_modules/dexie-export-import": {
      "version": "4.0.7",
      "resolved": "https://registry.npmjs.org/dexie-export-import/-/dexie-export-import-4.0.7.tgz",
      "integrity": "sha512-h22soiockhhWch6edw8XL/JNfn7akPLuLf6kPQdR4uneG/P0XQus4I8wpjV86dck61oEYKPHm36jyft/zVK0jQ==",
      "peerDependencies": {
        "dexie": "^2.0.4 || ^3.0.0 || ^4.0.1-alpha.5"
      }
    },
    "node_modules/downloadjs": {
      "version": "1.4.7",
      "resolved": "https://registry.npmjs.org/downloadjs/-/downloadjs-1.4.7.tgz",
      "integrity": "sha512-LN1gO7+u9xjU5oEScGFKvXhYf7Y/empUIIEAGBs1LzUq/rg5duiDrkuH5A2lQGd5jfMOb9X9usDa2oVXwJ0U/Q=="
    },
    "node_modules/uglify-js": {
      "version": "3.17.4",
      "resolved": "https://registry.npmjs.org/uglify-js/-/uglify-js-3.17.4.tgz",
      "integrity": "sha512-T9q82TJI9e/C1TAxYvfb16xO120tMVFZrGA3f9/P4424DNu6ypK103y0GPFVa17yotwSyZW5iYXgjYHkGrJW/g==",
      "dev": true,
      "bin": {
        "uglifyjs": "bin/uglifyjs"
      },
      "engines": {
        "node": ">=0.8.0"
      }
    }
  }
}
